
Microsoft Visual Studio Solution File, Format Version 12.00
# Visual Studio Version 16
VisualStudioVersion = 16.0.31410.357
MinimumVisualStudioVersion = 10.0.40219.1
Project("{9A19103F-16F7-4668-BE54-9A1E7A4F7556}") = "basic-trees", "basic-trees\basic-trees.csproj", "{0001CAF2-FD26-44F5-AB22-6C4202E832EA}"
EndProject
Project("{FAE04EC0-301F-11D3-BF4B-00C04F79EFBC}") = "binary-trees", "binary-trees\binary-trees.csproj", "{C6E694DA-BD26-4CD8-8B29-01A48B90D964}"
EndProject
Global
	GlobalSection(SolutionConfigurationPlatforms) = preSolution
		Debug|Any CPU = Debug|Any CPU
		Release|Any CPU = Release|Any CPU
	EndGlobalSection
	GlobalSection(ProjectConfigurationPlatforms) = postSolution
		{0001CAF2-FD26-44F5-AB22-6C4202E832EA}.Debug|Any CPU.ActiveCfg = Debug|Any CPU
		{0001CAF2-FD26-44F5-AB22-6C4202E832EA}.Debug|Any CPU.Build.0 = Debug|Any CPU
		{0001CAF2-FD26-44F5-AB22-6C4202E832EA}.Release|Any CPU.ActiveCfg = Release|Any CPU
		{0001CAF2-FD26-44F5-AB22-6C4202E832EA}.Release|Any CPU.Build.0 = Release|Any CPU
		{C6E694DA-BD26-4CD8-8B29-01A48B90D964}.Debug|Any CPU.ActiveCfg = Debug|Any CPU
		{C6E694DA-BD26-4CD8-8B29-01A48B90D964}.Debug|Any CPU.Build.0 = Debug|Any CPU
		{C6E694DA-BD26-4CD8-8B29-01A48B90D964}.Release|Any CPU.ActiveCfg = Release|Any CPU
		{C6E694DA-BD26-4CD8-8B29-01A48B90D964}.Release|Any CPU.Build.0 = Release|Any CPU
	EndGlobalSection
	GlobalSection(SolutionProperties) = preSolution
		HideSolutionNode = FALSE
	EndGlobalSection
	GlobalSection(ExtensibilityGlobals) = postSolution
		SolutionGuid = {385ED03F-73F7-4D79-BD07-6AAADBDEAE3F}
	EndGlobalSection
EndGlobal
